
Microsoft Visual Studio Solution File, Format Version 12.00
# Visual Studio Version 17
VisualStudioVersion = 17.7.34202.233
MinimumVisualStudioVersion = 10.0.40219.1
Project("{FAE04EC0-301F-11D3-BF4B-00C04F79EFBC}") = "SAD APP", "SAD APP\SAD APP.csproj", "{9B9FDB97-AB9F-4373-847A-F5F375DD3B82}"
EndProject
Global
	GlobalSection(SolutionConfigurationPlatforms) = preSolution
		Debug|Any CPU = Debug|Any CPU
		Release|Any CPU = Release|Any CPU
	EndGlobalSection
	GlobalSection(ProjectConfigurationPlatforms) = postSolution
		{9B9FDB97-AB9F-4373-847A-F5F375DD3B82}.Debug|Any CPU.ActiveCfg = Debug|Any CPU
		{9B9FDB97-AB9F-4373-847A-F5F375DD3B82}.Debug|Any CPU.Build.0 = Debug|Any CPU
		{9B9FDB97-AB9F-4373-847A-F5F375DD3B82}.Release|Any CPU.ActiveCfg = Release|Any CPU
		{9B9FDB97-AB9F-4373-847A-F5F375DD3B82}.Release|Any CPU.Build.0 = Release|Any CPU
	EndGlobalSection
	GlobalSection(SolutionProperties) = preSolution
		HideSolutionNode = FALSE
	EndGlobalSection
	GlobalSection(ExtensibilityGlobals) = postSolution
		SolutionGuid = {DD82E3B7-0A99-4871-876D-2352FD914CF4}
	EndGlobalSection
EndGlobal
